
Microsoft Visual Studio Solution File, Format Version 12.00
# Visual Studio Version 17
VisualStudioVersion = 17.14.36518.9 d17.14
MinimumVisualStudioVersion = 10.0.40219.1
Project("{FAE04EC0-301F-11D3-BF4B-00C04F79EFBC}") = "bayocot-secure-software", "bayocot-secure-software.csproj", "{90845BF3-48F6-4E6C-8463-807B1E33FC1C}"
EndProject
Global
	GlobalSection(SolutionConfigurationPlatforms) = preSolution
		Debug|Any CPU = Debug|Any CPU
		Release|Any CPU = Release|Any CPU
	EndGlobalSection
	GlobalSection(ProjectConfigurationPlatforms) = postSolution
		{90845BF3-48F6-4E6C-8463-807B1E33FC1C}.Debug|Any CPU.ActiveCfg = Debug|Any CPU
		{90845BF3-48F6-4E6C-8463-807B1E33FC1C}.Debug|Any CPU.Build.0 = Debug|Any CPU
		{90845BF3-48F6-4E6C-8463-807B1E33FC1C}.Release|Any CPU.ActiveCfg = Release|Any CPU
		{90845BF3-48F6-4E6C-8463-807B1E33FC1C}.Release|Any CPU.Build.0 = Release|Any CPU
	EndGlobalSection
	GlobalSection(SolutionProperties) = preSolution
		HideSolutionNode = FALSE
	EndGlobalSection
	GlobalSection(ExtensibilityGlobals) = postSolution
		SolutionGuid = {2DF1BB73-3235-46A5-BC15-2064880810F6}
	EndGlobalSection
EndGlobal
